
Microsoft Visual Studio Solution File, Format Version 12.00
# Visual Studio Version 17
VisualStudioVersion = 17.2.32526.322
MinimumVisualStudioVersion = 10.0.40219.1
Project("{FAE04EC0-301F-11D3-BF4B-00C04F79EFBC}") = "SkinServerNext", "SkinServerNext.csproj", "{00824B74-AAB3-4B57-ADB7-7473B854249B}"
EndProject
Global
	GlobalSection(SolutionConfigurationPlatforms) = preSolution
		Debug|x64 = Debug|x64
		Release|x64 = Release|x64
	EndGlobalSection
	GlobalSection(ProjectConfigurationPlatforms) = postSolution
		{00824B74-AAB3-4B57-ADB7-7473B854249B}.Debug|x64.ActiveCfg = Debug|x64
		{00824B74-AAB3-4B57-ADB7-7473B854249B}.Debug|x64.Build.0 = Debug|x64
		{00824B74-AAB3-4B57-ADB7-7473B854249B}.Release|x64.ActiveCfg = Release|x64
		{00824B74-AAB3-4B57-ADB7-7473B854249B}.Release|x64.Build.0 = Release|x64
	EndGlobalSection
	GlobalSection(SolutionProperties) = preSolution
		HideSolutionNode = FALSE
	EndGlobalSection
	GlobalSection(ExtensibilityGlobals) = postSolution
		SolutionGuid = {A482D752-B63B-4D48-BF71-2CA5CDC01B62}
	EndGlobalSection
EndGlobal
